
Microsoft Visual Studio Solution File, Format Version 12.00
# Visual Studio Version 17
VisualStudioVersion = 17.0.31919.166
MinimumVisualStudioVersion = 10.0.40219.1
Project("{9A19103F-16F7-4668-BE54-9A1E7A4F7556}") = "SteamGamesWeAllCanPlayWASM.Server", "SteamGamesWeAllCanPlayWASM\Server\SteamGamesWeAllCanPlayWASM.Server.csproj", "{A1D7C704-2EDB-450F-983B-52B5C7B79466}"
EndProject
Project("{9A19103F-16F7-4668-BE54-9A1E7A4F7556}") = "SteamGamesWeAllCanPlayWASM.Client", "SteamGamesWeAllCanPlayWASM\Client\SteamGamesWeAllCanPlayWASM.Client.csproj", "{06DAA50B-D99F-42A1-A363-F8FD95CB44D1}"
EndProject
Project("{9A19103F-16F7-4668-BE54-9A1E7A4F7556}") = "SteamGamesWeAllCanPlayWASM.Shared", "SteamGamesWeAllCanPlayWASM\Shared\SteamGamesWeAllCanPlayWASM.Shared.csproj", "{EE256B07-8652-49AB-8937-DEB5D93E0D14}"
EndProject
Global
	GlobalSection(SolutionConfigurationPlatforms) = preSolution
		Debug|Any CPU = Debug|Any CPU
		Release|Any CPU = Release|Any CPU
	EndGlobalSection
	GlobalSection(ProjectConfigurationPlatforms) = postSolution
		{A1D7C704-2EDB-450F-983B-52B5C7B79466}.Debug|Any CPU.ActiveCfg = Debug|Any CPU
		{A1D7C704-2EDB-450F-983B-52B5C7B79466}.Debug|Any CPU.Build.0 = Debug|Any CPU
		{A1D7C704-2EDB-450F-983B-52B5C7B79466}.Release|Any CPU.ActiveCfg = Release|Any CPU
		{A1D7C704-2EDB-450F-983B-52B5C7B79466}.Release|Any CPU.Build.0 = Release|Any CPU
		{06DAA50B-D99F-42A1-A363-F8FD95CB44D1}.Debug|Any CPU.ActiveCfg = Debug|Any CPU
		{06DAA50B-D99F-42A1-A363-F8FD95CB44D1}.Debug|Any CPU.Build.0 = Debug|Any CPU
		{06DAA50B-D99F-42A1-A363-F8FD95CB44D1}.Release|Any CPU.ActiveCfg = Release|Any CPU
		{06DAA50B-D99F-42A1-A363-F8FD95CB44D1}.Release|Any CPU.Build.0 = Release|Any CPU
		{EE256B07-8652-49AB-8937-DEB5D93E0D14}.Debug|Any CPU.ActiveCfg = Debug|Any CPU
		{EE256B07-8652-49AB-8937-DEB5D93E0D14}.Debug|Any CPU.Build.0 = Debug|Any CPU
		{EE256B07-8652-49AB-8937-DEB5D93E0D14}.Release|Any CPU.ActiveCfg = Release|Any CPU
		{EE256B07-8652-49AB-8937-DEB5D93E0D14}.Release|Any CPU.Build.0 = Release|Any CPU
	EndGlobalSection
	GlobalSection(SolutionProperties) = preSolution
		HideSolutionNode = FALSE
	EndGlobalSection
	GlobalSection(ExtensibilityGlobals) = postSolution
		SolutionGuid = {A0670CA5-BF9E-4A5D-B1C0-409AED423F40}
	EndGlobalSection
EndGlobal
